
Microsoft Visual Studio Solution File, Format Version 12.00
# Visual Studio 15
VisualStudioVersion = 15.0.28307.136
MinimumVisualStudioVersion = 10.0.40219.1
Project("{2150E333-8FDC-42A3-9474-1A3956D46DE8}") = "0 - Tests", "0 - Tests", "{B66C1B0B-4EC6-4F7B-B886-B0E882B6C0D4}"
EndProject
Project("{9A19103F-16F7-4668-BE54-9A1E7A4F7556}") = "BooksChallange.Tests", "BooksChallange.Tests\BooksChallange.Tests.csproj", "{4428F3E3-F40E-4577-9C90-344EFBB4F6F6}"
EndProject
Project("{2150E333-8FDC-42A3-9474-1A3956D46DE8}") = "1 - Domain", "1 - Domain", "{D0EB0A98-924D-4DC6-8E40-C7D3962D7764}"
EndProject
Project("{9A19103F-16F7-4668-BE54-9A1E7A4F7556}") = "BooksChallange.Domain", "BooksChallange.Domain\BooksChallange.Domain.csproj", "{9563B5DF-CD32-44E8-A2F6-9C73DECA86D9}"
EndProject
Project("{2150E333-8FDC-42A3-9474-1A3956D46DE8}") = "2 - Application", "2 - Application", "{61D854F6-01E3-4E67-BE94-5F1B06E455F3}"
EndProject
Project("{9A19103F-16F7-4668-BE54-9A1E7A4F7556}") = "BooksChallange.Application", "BooksChallange.Application\BooksChallange.Application.csproj", "{E3ACBB41-5C5F-481C-9865-BEC0CDA1347D}"
EndProject
Project("{2150E333-8FDC-42A3-9474-1A3956D46DE8}") = "3 - Infrastructure", "3 - Infrastructure", "{9C03B097-35DB-4898-9BCF-857DEA3888CD}"
EndProject
Project("{2150E333-8FDC-42A3-9474-1A3956D46DE8}") = "3.1 - DataAccess", "3.1 - DataAccess", "{DFCAB6E6-9492-4302-98DC-70903C4F2E71}"
EndProject
Project("{9A19103F-16F7-4668-BE54-9A1E7A4F7556}") = "BooksChallange.Infrastructure.DataAccess", "BooksChallange.Infrastructure.DataAccess\BooksChallange.Infrastructure.DataAccess.csproj", "{EA326BAF-7CAA-45B1-B6A6-DF563118BF31}"
EndProject
Project("{2150E333-8FDC-42A3-9474-1A3956D46DE8}") = "4 - Api", "4 - Api", "{06471411-9C7D-4665-9BB2-A5132719C0DB}"
EndProject
Project("{9A19103F-16F7-4668-BE54-9A1E7A4F7556}") = "BooksChallange.Api", "BooksChallange.Api\BooksChallange.Api.csproj", "{67A70BE0-578F-4B66-BF65-B4369A6894C4}"
EndProject
Project("{2150E333-8FDC-42A3-9474-1A3956D46DE8}") = "3.2 - CrossCutting", "3.2 - CrossCutting", "{92FE0348-6EDF-401C-9C5F-8878048F75E3}"
EndProject
Project("{FAE04EC0-301F-11D3-BF4B-00C04F79EFBC}") = "BooksChallange.CrossCutting", "BooksChallange.CrossCutting\BooksChallange.CrossCutting.csproj", "{4388063E-F3F8-4640-A3BC-EA19F47BF970}"
EndProject
Global
	GlobalSection(SolutionConfigurationPlatforms) = preSolution
		Debug|Any CPU = Debug|Any CPU
		Release|Any CPU = Release|Any CPU
	EndGlobalSection
	GlobalSection(ProjectConfigurationPlatforms) = postSolution
		{4428F3E3-F40E-4577-9C90-344EFBB4F6F6}.Debug|Any CPU.ActiveCfg = Debug|Any CPU
		{4428F3E3-F40E-4577-9C90-344EFBB4F6F6}.Debug|Any CPU.Build.0 = Debug|Any CPU
		{4428F3E3-F40E-4577-9C90-344EFBB4F6F6}.Release|Any CPU.ActiveCfg = Release|Any CPU
		{4428F3E3-F40E-4577-9C90-344EFBB4F6F6}.Release|Any CPU.Build.0 = Release|Any CPU
		{9563B5DF-CD32-44E8-A2F6-9C73DECA86D9}.Debug|Any CPU.ActiveCfg = Debug|Any CPU
		{9563B5DF-CD32-44E8-A2F6-9C73DECA86D9}.Debug|Any CPU.Build.0 = Debug|Any CPU
		{9563B5DF-CD32-44E8-A2F6-9C73DECA86D9}.Release|Any CPU.ActiveCfg = Release|Any CPU
		{9563B5DF-CD32-44E8-A2F6-9C73DECA86D9}.Release|Any CPU.Build.0 = Release|Any CPU
		{E3ACBB41-5C5F-481C-9865-BEC0CDA1347D}.Debug|Any CPU.ActiveCfg = Debug|Any CPU
		{E3ACBB41-5C5F-481C-9865-BEC0CDA1347D}.Debug|Any CPU.Build.0 = Debug|Any CPU
		{E3ACBB41-5C5F-481C-9865-BEC0CDA1347D}.Release|Any CPU.ActiveCfg = Release|Any CPU
		{E3ACBB41-5C5F-481C-9865-BEC0CDA1347D}.Release|Any CPU.Build.0 = Release|Any CPU
		{EA326BAF-7CAA-45B1-B6A6-DF563118BF31}.Debug|Any CPU.ActiveCfg = Debug|Any CPU
		{EA326BAF-7CAA-45B1-B6A6-DF563118BF31}.Debug|Any CPU.Build.0 = Debug|Any CPU
		{EA326BAF-7CAA-45B1-B6A6-DF563118BF31}.Release|Any CPU.ActiveCfg = Release|Any CPU
		{EA326BAF-7CAA-45B1-B6A6-DF563118BF31}.Release|Any CPU.Build.0 = Release|Any CPU
		{67A70BE0-578F-4B66-BF65-B4369A6894C4}.Debug|Any CPU.ActiveCfg = Debug|Any CPU
		{67A70BE0-578F-4B66-BF65-B4369A6894C4}.Debug|Any CPU.Build.0 = Debug|Any CPU
		{67A70BE0-578F-4B66-BF65-B4369A6894C4}.Release|Any CPU.ActiveCfg = Release|Any CPU
		{67A70BE0-578F-4B66-BF65-B4369A6894C4}.Release|Any CPU.Build.0 = Release|Any CPU
		{4388063E-F3F8-4640-A3BC-EA19F47BF970}.Debug|Any CPU.ActiveCfg = Debug|Any CPU
		{4388063E-F3F8-4640-A3BC-EA19F47BF970}.Debug|Any CPU.Build.0 = Debug|Any CPU
		{4388063E-F3F8-4640-A3BC-EA19F47BF970}.Release|Any CPU.ActiveCfg = Release|Any CPU
		{4388063E-F3F8-4640-A3BC-EA19F47BF970}.Release|Any CPU.Build.0 = Release|Any CPU
	EndGlobalSection
	GlobalSection(SolutionProperties) = preSolution
		HideSolutionNode = FALSE
	EndGlobalSection
	GlobalSection(NestedProjects) = preSolution
		{4428F3E3-F40E-4577-9C90-344EFBB4F6F6} = {B66C1B0B-4EC6-4F7B-B886-B0E882B6C0D4}
		{9563B5DF-CD32-44E8-A2F6-9C73DECA86D9} = {D0EB0A98-924D-4DC6-8E40-C7D3962D7764}
		{E3ACBB41-5C5F-481C-9865-BEC0CDA1347D} = {61D854F6-01E3-4E67-BE94-5F1B06E455F3}
		{DFCAB6E6-9492-4302-98DC-70903C4F2E71} = {9C03B097-35DB-4898-9BCF-857DEA3888CD}
		{EA326BAF-7CAA-45B1-B6A6-DF563118BF31} = {DFCAB6E6-9492-4302-98DC-70903C4F2E71}
		{67A70BE0-578F-4B66-BF65-B4369A6894C4} = {06471411-9C7D-4665-9BB2-A5132719C0DB}
		{92FE0348-6EDF-401C-9C5F-8878048F75E3} = {9C03B097-35DB-4898-9BCF-857DEA3888CD}
		{4388063E-F3F8-4640-A3BC-EA19F47BF970} = {92FE0348-6EDF-401C-9C5F-8878048F75E3}
	EndGlobalSection
	GlobalSection(ExtensibilityGlobals) = postSolution
		SolutionGuid = {44E850DC-55AA-498E-B6FB-BE90CD80A501}
	EndGlobalSection
EndGlobal
